
Microsoft Visual Studio Solution File, Format Version 12.00
# Visual Studio Version 17
VisualStudioVersion = 17.13.35825.156 d17.13
MinimumVisualStudioVersion = 10.0.40219.1
Project("{FAE04EC0-301F-11D3-BF4B-00C04F79EFBC}") = "Yonderfix.web", "Yonderfix.web\Yonderfix.web.csproj", "{DEFC0E77-C450-44C1-9164-2E018C15979E}"
EndProject
Global
	GlobalSection(SolutionConfigurationPlatforms) = preSolution
		Debug|Any CPU = Debug|Any CPU
		Release|Any CPU = Release|Any CPU
	EndGlobalSection
	GlobalSection(ProjectConfigurationPlatforms) = postSolution
		{DEFC0E77-C450-44C1-9164-2E018C15979E}.Debug|Any CPU.ActiveCfg = Debug|Any CPU
		{DEFC0E77-C450-44C1-9164-2E018C15979E}.Debug|Any CPU.Build.0 = Debug|Any CPU
		{DEFC0E77-C450-44C1-9164-2E018C15979E}.Release|Any CPU.ActiveCfg = Release|Any CPU
		{DEFC0E77-C450-44C1-9164-2E018C15979E}.Release|Any CPU.Build.0 = Release|Any CPU
	EndGlobalSection
	GlobalSection(SolutionProperties) = preSolution
		HideSolutionNode = FALSE
	EndGlobalSection
	GlobalSection(ExtensibilityGlobals) = postSolution
		SolutionGuid = {A931D55E-1CE4-44AC-861C-92F78F8E38B0}
	EndGlobalSection
EndGlobal
